
Microsoft Visual Studio Solution File, Format Version 12.00
# Visual Studio Version 17
VisualStudioVersion = 17.2.32616.157
MinimumVisualStudioVersion = 10.0.40219.1
Project("{9A19103F-16F7-4668-BE54-9A1E7A4F7556}") = "ClaySharp", "ClaySharp\ClaySharp.csproj", "{EC6A61C0-E1EC-4672-8F21-47F4C17A0FDA}"
EndProject
Project("{9A19103F-16F7-4668-BE54-9A1E7A4F7556}") = "ClaySharp.Tests", "ClaySharp.Tests\ClaySharp.Tests.csproj", "{A54D5C4C-22B7-4517-95EF-39FF5979BC8F}"
EndProject
Global
	GlobalSection(SolutionConfigurationPlatforms) = preSolution
		Debug|Any CPU = Debug|Any CPU
		Release|Any CPU = Release|Any CPU
	EndGlobalSection
	GlobalSection(ProjectConfigurationPlatforms) = postSolution
		{EC6A61C0-E1EC-4672-8F21-47F4C17A0FDA}.Debug|Any CPU.ActiveCfg = Debug|Any CPU
		{EC6A61C0-E1EC-4672-8F21-47F4C17A0FDA}.Debug|Any CPU.Build.0 = Debug|Any CPU
		{EC6A61C0-E1EC-4672-8F21-47F4C17A0FDA}.Release|Any CPU.ActiveCfg = Release|Any CPU
		{EC6A61C0-E1EC-4672-8F21-47F4C17A0FDA}.Release|Any CPU.Build.0 = Release|Any CPU
		{A54D5C4C-22B7-4517-95EF-39FF5979BC8F}.Debug|Any CPU.ActiveCfg = Debug|Any CPU
		{A54D5C4C-22B7-4517-95EF-39FF5979BC8F}.Debug|Any CPU.Build.0 = Debug|Any CPU
		{A54D5C4C-22B7-4517-95EF-39FF5979BC8F}.Release|Any CPU.ActiveCfg = Release|Any CPU
		{A54D5C4C-22B7-4517-95EF-39FF5979BC8F}.Release|Any CPU.Build.0 = Release|Any CPU
	EndGlobalSection
	GlobalSection(SolutionProperties) = preSolution
		HideSolutionNode = FALSE
	EndGlobalSection
	GlobalSection(ExtensibilityGlobals) = postSolution
		SolutionGuid = {F6D6E31A-1426-4082-9022-927E8D567675}
	EndGlobalSection
EndGlobal
